
Microsoft Visual Studio Solution File, Format Version 12.00
# Visual Studio Version 17
VisualStudioVersion = 17.12.35707.178 d17.12
MinimumVisualStudioVersion = 10.0.40219.1
Project("{FAE04EC0-301F-11D3-BF4B-00C04F79EFBC}") = "456VG_GUI", "Proyecto-EnviosYA\456VG_GUI.csproj", "{B1B7A19F-E835-4093-8EE0-36C96394745C}"
EndProject
Project("{FAE04EC0-301F-11D3-BF4B-00C04F79EFBC}") = "456VG_BE", "456VG_BE\456VG_BE.csproj", "{E65AE893-F75C-43C4-A092-529204950616}"
EndProject
Project("{FAE04EC0-301F-11D3-BF4B-00C04F79EFBC}") = "456VG_BLL", "456VG_BLL\456VG_BLL.csproj", "{002A1936-7840-4769-8D1F-4046D4BDBDB7}"
EndProject
Project("{FAE04EC0-301F-11D3-BF4B-00C04F79EFBC}") = "456VG_DAL", "456VG_DAL\456VG_DAL.csproj", "{7613B405-C671-4CF1-97D6-89DF69FCC164}"
EndProject
Project("{FAE04EC0-301F-11D3-BF4B-00C04F79EFBC}") = "456VG_Servicios", "456VG_Servicios\456VG_Servicios.csproj", "{EF5A906D-5C35-4B8E-A7F9-33D3FA83B258}"
EndProject
Global
	GlobalSection(SolutionConfigurationPlatforms) = preSolution
		Debug|Any CPU = Debug|Any CPU
		Release|Any CPU = Release|Any CPU
	EndGlobalSection
	GlobalSection(ProjectConfigurationPlatforms) = postSolution
		{B1B7A19F-E835-4093-8EE0-36C96394745C}.Debug|Any CPU.ActiveCfg = Debug|Any CPU
		{B1B7A19F-E835-4093-8EE0-36C96394745C}.Debug|Any CPU.Build.0 = Debug|Any CPU
		{B1B7A19F-E835-4093-8EE0-36C96394745C}.Release|Any CPU.ActiveCfg = Release|Any CPU
		{B1B7A19F-E835-4093-8EE0-36C96394745C}.Release|Any CPU.Build.0 = Release|Any CPU
		{E65AE893-F75C-43C4-A092-529204950616}.Debug|Any CPU.ActiveCfg = Debug|Any CPU
		{E65AE893-F75C-43C4-A092-529204950616}.Debug|Any CPU.Build.0 = Debug|Any CPU
		{E65AE893-F75C-43C4-A092-529204950616}.Release|Any CPU.ActiveCfg = Release|Any CPU
		{E65AE893-F75C-43C4-A092-529204950616}.Release|Any CPU.Build.0 = Release|Any CPU
		{002A1936-7840-4769-8D1F-4046D4BDBDB7}.Debug|Any CPU.ActiveCfg = Debug|Any CPU
		{002A1936-7840-4769-8D1F-4046D4BDBDB7}.Debug|Any CPU.Build.0 = Debug|Any CPU
		{002A1936-7840-4769-8D1F-4046D4BDBDB7}.Release|Any CPU.ActiveCfg = Release|Any CPU
		{002A1936-7840-4769-8D1F-4046D4BDBDB7}.Release|Any CPU.Build.0 = Release|Any CPU
		{7613B405-C671-4CF1-97D6-89DF69FCC164}.Debug|Any CPU.ActiveCfg = Debug|Any CPU
		{7613B405-C671-4CF1-97D6-89DF69FCC164}.Debug|Any CPU.Build.0 = Debug|Any CPU
		{7613B405-C671-4CF1-97D6-89DF69FCC164}.Release|Any CPU.ActiveCfg = Release|Any CPU
		{7613B405-C671-4CF1-97D6-89DF69FCC164}.Release|Any CPU.Build.0 = Release|Any CPU
		{EF5A906D-5C35-4B8E-A7F9-33D3FA83B258}.Debug|Any CPU.ActiveCfg = Debug|Any CPU
		{EF5A906D-5C35-4B8E-A7F9-33D3FA83B258}.Debug|Any CPU.Build.0 = Debug|Any CPU
		{EF5A906D-5C35-4B8E-A7F9-33D3FA83B258}.Release|Any CPU.ActiveCfg = Release|Any CPU
		{EF5A906D-5C35-4B8E-A7F9-33D3FA83B258}.Release|Any CPU.Build.0 = Release|Any CPU
	EndGlobalSection
	GlobalSection(SolutionProperties) = preSolution
		HideSolutionNode = FALSE
	EndGlobalSection
EndGlobal
